
Microsoft Visual Studio Solution File, Format Version 12.00
# Visual Studio Version 17
VisualStudioVersion = 17.0.32014.148
MinimumVisualStudioVersion = 10.0.40219.1
Project("{FAE04EC0-301F-11D3-BF4B-00C04F79EFBC}") = "CustomPaint", "CustomPaint\CustomPaint.csproj", "{97DFC9CE-3ED2-4AAF-90A3-A1799C61F74E}"
EndProject
Global
	GlobalSection(SolutionConfigurationPlatforms) = preSolution
		Debug|Any CPU = Debug|Any CPU
		Release|Any CPU = Release|Any CPU
	EndGlobalSection
	GlobalSection(ProjectConfigurationPlatforms) = postSolution
		{97DFC9CE-3ED2-4AAF-90A3-A1799C61F74E}.Debug|Any CPU.ActiveCfg = Debug|Any CPU
		{97DFC9CE-3ED2-4AAF-90A3-A1799C61F74E}.Debug|Any CPU.Build.0 = Debug|Any CPU
		{97DFC9CE-3ED2-4AAF-90A3-A1799C61F74E}.Release|Any CPU.ActiveCfg = Release|Any CPU
		{97DFC9CE-3ED2-4AAF-90A3-A1799C61F74E}.Release|Any CPU.Build.0 = Release|Any CPU
	EndGlobalSection
	GlobalSection(SolutionProperties) = preSolution
		HideSolutionNode = FALSE
	EndGlobalSection
	GlobalSection(ExtensibilityGlobals) = postSolution
		SolutionGuid = {F53D732D-4E74-43E0-9914-86585AFE5EA8}
	EndGlobalSection
EndGlobal
