
Microsoft Visual Studio Solution File, Format Version 12.00
# Visual Studio Version 17
VisualStudioVersion = 17.0.32014.148
MinimumVisualStudioVersion = 10.0.40219.1
Project("{FAE04EC0-301F-11D3-BF4B-00C04F79EFBC}") = "Task3.1.2", "Task3.1.2\Task3.1.2.csproj", "{6FE4985B-EEBC-4ABE-9FDB-F7F2A5DF3949}"
EndProject
Global
	GlobalSection(SolutionConfigurationPlatforms) = preSolution
		Debug|Any CPU = Debug|Any CPU
		Release|Any CPU = Release|Any CPU
	EndGlobalSection
	GlobalSection(ProjectConfigurationPlatforms) = postSolution
		{6FE4985B-EEBC-4ABE-9FDB-F7F2A5DF3949}.Debug|Any CPU.ActiveCfg = Debug|Any CPU
		{6FE4985B-EEBC-4ABE-9FDB-F7F2A5DF3949}.Debug|Any CPU.Build.0 = Debug|Any CPU
		{6FE4985B-EEBC-4ABE-9FDB-F7F2A5DF3949}.Release|Any CPU.ActiveCfg = Release|Any CPU
		{6FE4985B-EEBC-4ABE-9FDB-F7F2A5DF3949}.Release|Any CPU.Build.0 = Release|Any CPU
	EndGlobalSection
	GlobalSection(SolutionProperties) = preSolution
		HideSolutionNode = FALSE
	EndGlobalSection
	GlobalSection(ExtensibilityGlobals) = postSolution
		SolutionGuid = {62008005-967C-48F3-844A-93D7A5E3FD7F}
	EndGlobalSection
EndGlobal
