
Microsoft Visual Studio Solution File, Format Version 12.00
# Visual Studio Version 17
VisualStudioVersion = 17.0.32014.148
MinimumVisualStudioVersion = 10.0.40219.1
Project("{FAE04EC0-301F-11D3-BF4B-00C04F79EFBC}") = "CustomString", "CustomString\CustomString.csproj", "{03A29936-3A9D-4118-AD37-7A28925E9527}"
EndProject
Project("{FAE04EC0-301F-11D3-BF4B-00C04F79EFBC}") = "UpdatedStringClass", "UpdatedStringClass\UpdatedStringClass.csproj", "{506E70EE-3FC8-4C09-9189-273CF9D7AAE8}"
EndProject
Global
	GlobalSection(SolutionConfigurationPlatforms) = preSolution
		Debug|Any CPU = Debug|Any CPU
		Release|Any CPU = Release|Any CPU
	EndGlobalSection
	GlobalSection(ProjectConfigurationPlatforms) = postSolution
		{03A29936-3A9D-4118-AD37-7A28925E9527}.Debug|Any CPU.ActiveCfg = Debug|Any CPU
		{03A29936-3A9D-4118-AD37-7A28925E9527}.Debug|Any CPU.Build.0 = Debug|Any CPU
		{03A29936-3A9D-4118-AD37-7A28925E9527}.Release|Any CPU.ActiveCfg = Release|Any CPU
		{03A29936-3A9D-4118-AD37-7A28925E9527}.Release|Any CPU.Build.0 = Release|Any CPU
		{506E70EE-3FC8-4C09-9189-273CF9D7AAE8}.Debug|Any CPU.ActiveCfg = Debug|Any CPU
		{506E70EE-3FC8-4C09-9189-273CF9D7AAE8}.Debug|Any CPU.Build.0 = Debug|Any CPU
		{506E70EE-3FC8-4C09-9189-273CF9D7AAE8}.Release|Any CPU.ActiveCfg = Release|Any CPU
		{506E70EE-3FC8-4C09-9189-273CF9D7AAE8}.Release|Any CPU.Build.0 = Release|Any CPU
	EndGlobalSection
	GlobalSection(SolutionProperties) = preSolution
		HideSolutionNode = FALSE
	EndGlobalSection
	GlobalSection(ExtensibilityGlobals) = postSolution
		SolutionGuid = {5F4785F1-5895-4DE7-992A-4643D3982EEC}
	EndGlobalSection
EndGlobal
